
Microsoft Visual Studio Solution File, Format Version 12.00
# Visual Studio Version 16
VisualStudioVersion = 16.0.29409.12
MinimumVisualStudioVersion = 10.0.40219.1
Project("{9A19103F-16F7-4668-BE54-9A1E7A4F7556}") = "iRED", "iRED\iRED.csproj", "{959DC246-C604-44AD-A14C-600CC24DB814}"
EndProject
Project("{9A19103F-16F7-4668-BE54-9A1E7A4F7556}") = "iRED.Model", "iRED.Model\iRED.Model.csproj", "{E87C3B90-B0D7-4C78-B5B3-45322E858E73}"
EndProject
Project("{9A19103F-16F7-4668-BE54-9A1E7A4F7556}") = "iRED.DataAccess", "iRED.DataAccess\iRED.DataAccess.csproj", "{3C2D19D5-3678-46BA-B9C3-7FD704752106}"
EndProject
Project("{9A19103F-16F7-4668-BE54-9A1E7A4F7556}") = "iRED.ViewModel", "iRED.ViewModel\iRED.ViewModel.csproj", "{AA2F103E-FCE6-4051-A1B6-C10C49D97474}"
EndProject
Project("{9A19103F-16F7-4668-BE54-9A1E7A4F7556}") = "iRED.Test", "iRED.Test\iRED.Test.csproj", "{191BD670-9089-4946-BD86-AA1ED64D754C}"
EndProject
Project("{2150E333-8FDC-42A3-9474-1A3956D46DE8}") = "src", "src", "{7D8A9C4F-D395-4CA8-85D7-B30ED00F189F}"
EndProject
Project("{2150E333-8FDC-42A3-9474-1A3956D46DE8}") = "test", "test", "{98F42A00-D6E7-451E-8B10-FDE3B323DD29}"
EndProject
Project("{9A19103F-16F7-4668-BE54-9A1E7A4F7556}") = "WalkingTec.Mvvm.Core", "WalkingTec.Mvvm.Core\WalkingTec.Mvvm.Core.csproj", "{E3EDCD7D-BBD9-4189-9A1B-CA6C47F3D7C9}"
EndProject
Project("{9A19103F-16F7-4668-BE54-9A1E7A4F7556}") = "WalkingTec.Mvvm.Mvc", "WalkingTec.Mvvm.Mvc\WalkingTec.Mvvm.Mvc.csproj", "{16737E67-50DD-4BFE-867F-0A72AC85A48A}"
EndProject
Project("{9A19103F-16F7-4668-BE54-9A1E7A4F7556}") = "WalkingTec.Mvvm.Mvc.Admin", "WalkingTec.Mvvm.Mvc.Admin\WalkingTec.Mvvm.Mvc.Admin.csproj", "{06AA8A6C-9BB8-4E88-8A91-703F83439AE0}"
EndProject
Project("{9A19103F-16F7-4668-BE54-9A1E7A4F7556}") = "WalkingTec.Mvvm.TagHelpers.LayUI", "WalkingTec.Mvvm.TagHelpers.LayUI\WalkingTec.Mvvm.TagHelpers.LayUI.csproj", "{F0D02EB2-D61A-452F-A313-8E5EC181DC4D}"
EndProject
Global
	GlobalSection(SolutionConfigurationPlatforms) = preSolution
		Debug|Any CPU = Debug|Any CPU
		Release|Any CPU = Release|Any CPU
	EndGlobalSection
	GlobalSection(ProjectConfigurationPlatforms) = postSolution
		{959DC246-C604-44AD-A14C-600CC24DB814}.Debug|Any CPU.ActiveCfg = Debug|Any CPU
		{959DC246-C604-44AD-A14C-600CC24DB814}.Debug|Any CPU.Build.0 = Debug|Any CPU
		{959DC246-C604-44AD-A14C-600CC24DB814}.Release|Any CPU.ActiveCfg = Release|Any CPU
		{959DC246-C604-44AD-A14C-600CC24DB814}.Release|Any CPU.Build.0 = Release|Any CPU
		{E87C3B90-B0D7-4C78-B5B3-45322E858E73}.Debug|Any CPU.ActiveCfg = Debug|Any CPU
		{E87C3B90-B0D7-4C78-B5B3-45322E858E73}.Debug|Any CPU.Build.0 = Debug|Any CPU
		{E87C3B90-B0D7-4C78-B5B3-45322E858E73}.Release|Any CPU.ActiveCfg = Release|Any CPU
		{E87C3B90-B0D7-4C78-B5B3-45322E858E73}.Release|Any CPU.Build.0 = Release|Any CPU
		{3C2D19D5-3678-46BA-B9C3-7FD704752106}.Debug|Any CPU.ActiveCfg = Debug|Any CPU
		{3C2D19D5-3678-46BA-B9C3-7FD704752106}.Debug|Any CPU.Build.0 = Debug|Any CPU
		{3C2D19D5-3678-46BA-B9C3-7FD704752106}.Release|Any CPU.ActiveCfg = Release|Any CPU
		{3C2D19D5-3678-46BA-B9C3-7FD704752106}.Release|Any CPU.Build.0 = Release|Any CPU
		{AA2F103E-FCE6-4051-A1B6-C10C49D97474}.Debug|Any CPU.ActiveCfg = Debug|Any CPU
		{AA2F103E-FCE6-4051-A1B6-C10C49D97474}.Debug|Any CPU.Build.0 = Debug|Any CPU
		{AA2F103E-FCE6-4051-A1B6-C10C49D97474}.Release|Any CPU.ActiveCfg = Release|Any CPU
		{AA2F103E-FCE6-4051-A1B6-C10C49D97474}.Release|Any CPU.Build.0 = Release|Any CPU
		{191BD670-9089-4946-BD86-AA1ED64D754C}.Debug|Any CPU.ActiveCfg = Debug|Any CPU
		{191BD670-9089-4946-BD86-AA1ED64D754C}.Debug|Any CPU.Build.0 = Debug|Any CPU
		{191BD670-9089-4946-BD86-AA1ED64D754C}.Release|Any CPU.ActiveCfg = Release|Any CPU
		{191BD670-9089-4946-BD86-AA1ED64D754C}.Release|Any CPU.Build.0 = Release|Any CPU
		{E3EDCD7D-BBD9-4189-9A1B-CA6C47F3D7C9}.Debug|Any CPU.ActiveCfg = Debug|Any CPU
		{E3EDCD7D-BBD9-4189-9A1B-CA6C47F3D7C9}.Debug|Any CPU.Build.0 = Debug|Any CPU
		{E3EDCD7D-BBD9-4189-9A1B-CA6C47F3D7C9}.Release|Any CPU.ActiveCfg = Release|Any CPU
		{E3EDCD7D-BBD9-4189-9A1B-CA6C47F3D7C9}.Release|Any CPU.Build.0 = Release|Any CPU
		{16737E67-50DD-4BFE-867F-0A72AC85A48A}.Debug|Any CPU.ActiveCfg = Debug|Any CPU
		{16737E67-50DD-4BFE-867F-0A72AC85A48A}.Debug|Any CPU.Build.0 = Debug|Any CPU
		{16737E67-50DD-4BFE-867F-0A72AC85A48A}.Release|Any CPU.ActiveCfg = Release|Any CPU
		{16737E67-50DD-4BFE-867F-0A72AC85A48A}.Release|Any CPU.Build.0 = Release|Any CPU
		{06AA8A6C-9BB8-4E88-8A91-703F83439AE0}.Debug|Any CPU.ActiveCfg = Debug|Any CPU
		{06AA8A6C-9BB8-4E88-8A91-703F83439AE0}.Debug|Any CPU.Build.0 = Debug|Any CPU
		{06AA8A6C-9BB8-4E88-8A91-703F83439AE0}.Release|Any CPU.ActiveCfg = Release|Any CPU
		{06AA8A6C-9BB8-4E88-8A91-703F83439AE0}.Release|Any CPU.Build.0 = Release|Any CPU
		{F0D02EB2-D61A-452F-A313-8E5EC181DC4D}.Debug|Any CPU.ActiveCfg = Debug|Any CPU
		{F0D02EB2-D61A-452F-A313-8E5EC181DC4D}.Debug|Any CPU.Build.0 = Debug|Any CPU
		{F0D02EB2-D61A-452F-A313-8E5EC181DC4D}.Release|Any CPU.ActiveCfg = Release|Any CPU
		{F0D02EB2-D61A-452F-A313-8E5EC181DC4D}.Release|Any CPU.Build.0 = Release|Any CPU
	EndGlobalSection
	GlobalSection(SolutionProperties) = preSolution
		HideSolutionNode = FALSE
	EndGlobalSection
	GlobalSection(NestedProjects) = preSolution
		{959DC246-C604-44AD-A14C-600CC24DB814} = {7D8A9C4F-D395-4CA8-85D7-B30ED00F189F}
		{E87C3B90-B0D7-4C78-B5B3-45322E858E73} = {7D8A9C4F-D395-4CA8-85D7-B30ED00F189F}
		{3C2D19D5-3678-46BA-B9C3-7FD704752106} = {7D8A9C4F-D395-4CA8-85D7-B30ED00F189F}
		{AA2F103E-FCE6-4051-A1B6-C10C49D97474} = {7D8A9C4F-D395-4CA8-85D7-B30ED00F189F}
		{191BD670-9089-4946-BD86-AA1ED64D754C} = {98F42A00-D6E7-451E-8B10-FDE3B323DD29}
		{E3EDCD7D-BBD9-4189-9A1B-CA6C47F3D7C9} = {7D8A9C4F-D395-4CA8-85D7-B30ED00F189F}
		{16737E67-50DD-4BFE-867F-0A72AC85A48A} = {7D8A9C4F-D395-4CA8-85D7-B30ED00F189F}
		{06AA8A6C-9BB8-4E88-8A91-703F83439AE0} = {7D8A9C4F-D395-4CA8-85D7-B30ED00F189F}
		{F0D02EB2-D61A-452F-A313-8E5EC181DC4D} = {7D8A9C4F-D395-4CA8-85D7-B30ED00F189F}
	EndGlobalSection
	GlobalSection(ExtensibilityGlobals) = postSolution
		SolutionGuid = {1F219808-E6E8-4C1D-B846-41F2F7CF20FA}
	EndGlobalSection
EndGlobal
